
Microsoft Visual Studio Solution File, Format Version 12.00
# Visual Studio Version 17
VisualStudioVersion = 17.4.33213.308
MinimumVisualStudioVersion = 10.0.40219.1
Project("{FAE04EC0-301F-11D3-BF4B-00C04F79EFBC}") = "Orders", "Orders\Orders.csproj", "{F91DAC90-F122-41DB-9085-0323CFA11188}"
EndProject
Global
	GlobalSection(SolutionConfigurationPlatforms) = preSolution
		Debug|Any CPU = Debug|Any CPU
		Release|Any CPU = Release|Any CPU
	EndGlobalSection
	GlobalSection(ProjectConfigurationPlatforms) = postSolution
		{F91DAC90-F122-41DB-9085-0323CFA11188}.Debug|Any CPU.ActiveCfg = Debug|Any CPU
		{F91DAC90-F122-41DB-9085-0323CFA11188}.Debug|Any CPU.Build.0 = Debug|Any CPU
		{F91DAC90-F122-41DB-9085-0323CFA11188}.Release|Any CPU.ActiveCfg = Release|Any CPU
		{F91DAC90-F122-41DB-9085-0323CFA11188}.Release|Any CPU.Build.0 = Release|Any CPU
	EndGlobalSection
	GlobalSection(SolutionProperties) = preSolution
		HideSolutionNode = FALSE
	EndGlobalSection
	GlobalSection(ExtensibilityGlobals) = postSolution
		SolutionGuid = {9D7C12C0-F8D3-49BC-858F-B4F6AB93547F}
	EndGlobalSection
EndGlobal
